
Microsoft Visual Studio Solution File, Format Version 12.00
# Visual Studio Version 16
VisualStudioVersion = 16.0.32802.440
MinimumVisualStudioVersion = 10.0.40219.1
Project("{2150E333-8FDC-42A3-9474-1A3956D46DE8}") = "build", "build", "{E935CB9C-A015-4161-BCA9-36535F6CCDAB}"
	ProjectSection(SolutionItems) = preProject
		Directory.Build.props = Directory.Build.props
	EndProjectSection
EndProject
Project("{2150E333-8FDC-42A3-9474-1A3956D46DE8}") = "docs", "docs", "{FF9A1E0C-7034-4F5C-B145-F3313231E10B}"
	ProjectSection(SolutionItems) = preProject
		README.md = README.md
	EndProjectSection
EndProject
Project("{2150E333-8FDC-42A3-9474-1A3956D46DE8}") = "perf", "perf", "{F80B3D49-612A-4BAA-B3DB-A34647F376B0}"
EndProject
Project("{2150E333-8FDC-42A3-9474-1A3956D46DE8}") = "src", "src", "{A441321B-0500-4264-B69C-06C30B63AFA2}"
EndProject
Project("{9A19103F-16F7-4668-BE54-9A1E7A4F7556}") = "Area53.Drawing", "src\Area53.Drawing\Area53.Drawing.csproj", "{B1EECF8C-A070-41D8-9F51-E298D78E88C4}"
EndProject
Project("{9A19103F-16F7-4668-BE54-9A1E7A4F7556}") = "Area53.Text.Json", "src\Area53.Text.Json\Area53.Text.Json.csproj", "{2EEC68AD-B6EB-4D7C-915A-CE98D41E6EF2}"
EndProject
Project("{9A19103F-16F7-4668-BE54-9A1E7A4F7556}") = "Area53.WinForms", "src\Area53.WinForms\Area53.WinForms.csproj", "{C698327A-FF10-4FC7-8240-0859A5511A08}"
EndProject
Project("{2150E333-8FDC-42A3-9474-1A3956D46DE8}") = "submodules", "submodules", "{4F5AF9B1-AF04-4086-8E6D-94C9F9E73D1D}"
EndProject
Project("{2150E333-8FDC-42A3-9474-1A3956D46DE8}") = "tests", "tests", "{B986ED6E-E0CD-4375-B25F-629FD4FA82D3}"
EndProject
Global
	GlobalSection(SolutionConfigurationPlatforms) = preSolution
		Debug|Any CPU = Debug|Any CPU
		Release|Any CPU = Release|Any CPU
	EndGlobalSection
	GlobalSection(ProjectConfigurationPlatforms) = postSolution
		{B1EECF8C-A070-41D8-9F51-E298D78E88C4}.Debug|Any CPU.ActiveCfg = Debug|Any CPU
		{B1EECF8C-A070-41D8-9F51-E298D78E88C4}.Debug|Any CPU.Build.0 = Debug|Any CPU
		{B1EECF8C-A070-41D8-9F51-E298D78E88C4}.Release|Any CPU.ActiveCfg = Release|Any CPU
		{B1EECF8C-A070-41D8-9F51-E298D78E88C4}.Release|Any CPU.Build.0 = Release|Any CPU
		{2EEC68AD-B6EB-4D7C-915A-CE98D41E6EF2}.Debug|Any CPU.ActiveCfg = Debug|Any CPU
		{2EEC68AD-B6EB-4D7C-915A-CE98D41E6EF2}.Debug|Any CPU.Build.0 = Debug|Any CPU
		{2EEC68AD-B6EB-4D7C-915A-CE98D41E6EF2}.Release|Any CPU.ActiveCfg = Release|Any CPU
		{2EEC68AD-B6EB-4D7C-915A-CE98D41E6EF2}.Release|Any CPU.Build.0 = Release|Any CPU
		{C698327A-FF10-4FC7-8240-0859A5511A08}.Debug|Any CPU.ActiveCfg = Debug|Any CPU
		{C698327A-FF10-4FC7-8240-0859A5511A08}.Debug|Any CPU.Build.0 = Debug|Any CPU
		{C698327A-FF10-4FC7-8240-0859A5511A08}.Release|Any CPU.ActiveCfg = Release|Any CPU
		{C698327A-FF10-4FC7-8240-0859A5511A08}.Release|Any CPU.Build.0 = Release|Any CPU
	EndGlobalSection
	GlobalSection(SolutionProperties) = preSolution
		HideSolutionNode = FALSE
	EndGlobalSection
	GlobalSection(NestedProjects) = preSolution
		{B1EECF8C-A070-41D8-9F51-E298D78E88C4} = {A441321B-0500-4264-B69C-06C30B63AFA2}
		{2EEC68AD-B6EB-4D7C-915A-CE98D41E6EF2} = {A441321B-0500-4264-B69C-06C30B63AFA2}
		{C698327A-FF10-4FC7-8240-0859A5511A08} = {A441321B-0500-4264-B69C-06C30B63AFA2}
	EndGlobalSection
	GlobalSection(ExtensibilityGlobals) = postSolution
		SolutionGuid = {3663B218-6921-42FC-8313-427AC5BCCB69}
	EndGlobalSection
EndGlobal
